
Microsoft Visual Studio Solution File, Format Version 12.00
# Visual Studio Version 17
VisualStudioVersion = 17.3.32811.315
MinimumVisualStudioVersion = 10.0.40219.1
Project("{FAE04EC0-301F-11D3-BF4B-00C04F79EFBC}") = "KlicServisa", "KlicServisa\KlicServisa.csproj", "{41E6DCFA-A982-47DE-BEE5-BB31E6CA3195}"
EndProject
Global
	GlobalSection(SolutionConfigurationPlatforms) = preSolution
		Debug|Any CPU = Debug|Any CPU
		Release|Any CPU = Release|Any CPU
	EndGlobalSection
	GlobalSection(ProjectConfigurationPlatforms) = postSolution
		{41E6DCFA-A982-47DE-BEE5-BB31E6CA3195}.Debug|Any CPU.ActiveCfg = Debug|Any CPU
		{41E6DCFA-A982-47DE-BEE5-BB31E6CA3195}.Debug|Any CPU.Build.0 = Debug|Any CPU
		{41E6DCFA-A982-47DE-BEE5-BB31E6CA3195}.Release|Any CPU.ActiveCfg = Release|Any CPU
		{41E6DCFA-A982-47DE-BEE5-BB31E6CA3195}.Release|Any CPU.Build.0 = Release|Any CPU
	EndGlobalSection
	GlobalSection(SolutionProperties) = preSolution
		HideSolutionNode = FALSE
	EndGlobalSection
	GlobalSection(ExtensibilityGlobals) = postSolution
		SolutionGuid = {79F716A7-AD57-4F16-B1D0-C098CE7B9E04}
	EndGlobalSection
EndGlobal
